
Microsoft Visual Studio Solution File, Format Version 12.00
# Visual Studio Version 17
VisualStudioVersion = 17.5.002.0
MinimumVisualStudioVersion = 10.0.40219.1
Project("{9A19103F-16F7-4668-BE54-9A1E7A4F7556}") = "PrismaBooks", "PrismaBooks.csproj", "{0DBCA48C-A8C7-44C7-92F3-19363F0944A4}"
EndProject
Global
	GlobalSection(SolutionConfigurationPlatforms) = preSolution
		Debug|Any CPU = Debug|Any CPU
		Release|Any CPU = Release|Any CPU
	EndGlobalSection
	GlobalSection(ProjectConfigurationPlatforms) = postSolution
		{0DBCA48C-A8C7-44C7-92F3-19363F0944A4}.Debug|Any CPU.ActiveCfg = Debug|Any CPU
		{0DBCA48C-A8C7-44C7-92F3-19363F0944A4}.Debug|Any CPU.Build.0 = Debug|Any CPU
		{0DBCA48C-A8C7-44C7-92F3-19363F0944A4}.Release|Any CPU.ActiveCfg = Release|Any CPU
		{0DBCA48C-A8C7-44C7-92F3-19363F0944A4}.Release|Any CPU.Build.0 = Release|Any CPU
	EndGlobalSection
	GlobalSection(SolutionProperties) = preSolution
		HideSolutionNode = FALSE
	EndGlobalSection
	GlobalSection(ExtensibilityGlobals) = postSolution
		SolutionGuid = {5D3D31C9-84B8-430C-935D-86045E8C1EA3}
	EndGlobalSection
EndGlobal
